
Microsoft Visual Studio Solution File, Format Version 12.00
# Visual Studio Version 17
VisualStudioVersion = 17.12.35514.174 d17.12
MinimumVisualStudioVersion = 10.0.40219.1
Project("{FAE04EC0-301F-11D3-BF4B-00C04F79EFBC}") = "Store.Backend", "Store.Backend\Store.Backend.csproj", "{284058A2-B00B-4EE4-8FD7-0E429F9A7211}"
EndProject
Project("{FAE04EC0-301F-11D3-BF4B-00C04F79EFBC}") = "Store.Shared", "Store.Shared\Store.Shared.csproj", "{402AD49D-62AD-4123-9BA8-5625F65FB47F}"
EndProject
Global
	GlobalSection(SolutionConfigurationPlatforms) = preSolution
		Debug|Any CPU = Debug|Any CPU
		Release|Any CPU = Release|Any CPU
	EndGlobalSection
	GlobalSection(ProjectConfigurationPlatforms) = postSolution
		{284058A2-B00B-4EE4-8FD7-0E429F9A7211}.Debug|Any CPU.ActiveCfg = Debug|Any CPU
		{284058A2-B00B-4EE4-8FD7-0E429F9A7211}.Debug|Any CPU.Build.0 = Debug|Any CPU
		{284058A2-B00B-4EE4-8FD7-0E429F9A7211}.Release|Any CPU.ActiveCfg = Release|Any CPU
		{284058A2-B00B-4EE4-8FD7-0E429F9A7211}.Release|Any CPU.Build.0 = Release|Any CPU
		{402AD49D-62AD-4123-9BA8-5625F65FB47F}.Debug|Any CPU.ActiveCfg = Debug|Any CPU
		{402AD49D-62AD-4123-9BA8-5625F65FB47F}.Debug|Any CPU.Build.0 = Debug|Any CPU
		{402AD49D-62AD-4123-9BA8-5625F65FB47F}.Release|Any CPU.ActiveCfg = Release|Any CPU
		{402AD49D-62AD-4123-9BA8-5625F65FB47F}.Release|Any CPU.Build.0 = Release|Any CPU
	EndGlobalSection
	GlobalSection(SolutionProperties) = preSolution
		HideSolutionNode = FALSE
	EndGlobalSection
EndGlobal
